
Microsoft Visual Studio Solution File, Format Version 12.00
# Visual Studio 15
VisualStudioVersion = 15.0.28010.2026
MinimumVisualStudioVersion = 10.0.40219.1
Project("{FAE04EC0-301F-11D3-BF4B-00C04F79EFBC}") = "sampleCustomControls.Android", "sampleCustomControls\sampleCustomControls.Android\sampleCustomControls.Android.csproj", "{74BA9351-F602-4E85-9E83-304CC50B594B}"
EndProject
Project("{FAE04EC0-301F-11D3-BF4B-00C04F79EFBC}") = "sampleCustomControls.iOS", "sampleCustomControls\sampleCustomControls.iOS\sampleCustomControls.iOS.csproj", "{CACD02EF-5801-4C62-AD9F-2B0982BFA4F9}"
EndProject
Project("{FAE04EC0-301F-11D3-BF4B-00C04F79EFBC}") = "sampleCustomControls.UWP", "sampleCustomControls\sampleCustomControls.UWP\sampleCustomControls.UWP.csproj", "{8060A1F0-5264-49A6-8A85-2261EDBB8118}"
EndProject
Project("{FAE04EC0-301F-11D3-BF4B-00C04F79EFBC}") = "sampleCustomControls", "sampleCustomControls\sampleCustomControls\sampleCustomControls.csproj", "{719BEE15-B15F-47D5-894B-D0ED5EC10BEC}"
EndProject
Project("{2150E333-8FDC-42A3-9474-1A3956D46DE8}") = "SampleApp", "SampleApp", "{976701A3-38AE-4B5F-89FE-3D352411B2F4}"
EndProject
Project("{2150E333-8FDC-42A3-9474-1A3956D46DE8}") = "CustomControlsLibrary", "CustomControlsLibrary", "{A49C063C-909E-468F-9F61-E6536942D4E8}"
EndProject
Project("{FAE04EC0-301F-11D3-BF4B-00C04F79EFBC}") = "CustomControls.UWP", "CustomControls.UWP\CustomControls.UWP.csproj", "{97C34259-19D8-4FFF-9C38-875E37250885}"
EndProject
Project("{FAE04EC0-301F-11D3-BF4B-00C04F79EFBC}") = "CustomControls.ios", "CustomControls.ios\CustomControls.ios.csproj", "{E71F3053-056C-4381-9638-048ED73BDFF6}"
EndProject
Project("{FAE04EC0-301F-11D3-BF4B-00C04F79EFBC}") = "CustomControls.Droid", "CustomControls.Droid\CustomControls.Droid.csproj", "{C13A334F-9939-4FAE-83D7-FF98B075C4A2}"
EndProject
Project("{FAE04EC0-301F-11D3-BF4B-00C04F79EFBC}") = "CustomControlsLibrary.Base", "CustomControlsLibrary.Base\CustomControlsLibrary.Base.csproj", "{6C96DBB4-91EE-4E7F-9FA2-4ABDC571E55B}"
EndProject
Global
	GlobalSection(SolutionConfigurationPlatforms) = preSolution
		Ad-Hoc|Any CPU = Ad-Hoc|Any CPU
		Ad-Hoc|ARM = Ad-Hoc|ARM
		Ad-Hoc|iPhone = Ad-Hoc|iPhone
		Ad-Hoc|iPhoneSimulator = Ad-Hoc|iPhoneSimulator
		Ad-Hoc|x64 = Ad-Hoc|x64
		Ad-Hoc|x86 = Ad-Hoc|x86
		AppStore|Any CPU = AppStore|Any CPU
		AppStore|ARM = AppStore|ARM
		AppStore|iPhone = AppStore|iPhone
		AppStore|iPhoneSimulator = AppStore|iPhoneSimulator
		AppStore|x64 = AppStore|x64
		AppStore|x86 = AppStore|x86
		Debug|Any CPU = Debug|Any CPU
		Debug|ARM = Debug|ARM
		Debug|iPhone = Debug|iPhone
		Debug|iPhoneSimulator = Debug|iPhoneSimulator
		Debug|x64 = Debug|x64
		Debug|x86 = Debug|x86
		Release|Any CPU = Release|Any CPU
		Release|ARM = Release|ARM
		Release|iPhone = Release|iPhone
		Release|iPhoneSimulator = Release|iPhoneSimulator
		Release|x64 = Release|x64
		Release|x86 = Release|x86
	EndGlobalSection
	GlobalSection(ProjectConfigurationPlatforms) = postSolution
		{74BA9351-F602-4E85-9E83-304CC50B594B}.Ad-Hoc|Any CPU.ActiveCfg = Release|Any CPU
		{74BA9351-F602-4E85-9E83-304CC50B594B}.Ad-Hoc|Any CPU.Build.0 = Release|Any CPU
		{74BA9351-F602-4E85-9E83-304CC50B594B}.Ad-Hoc|Any CPU.Deploy.0 = Release|Any CPU
		{74BA9351-F602-4E85-9E83-304CC50B594B}.Ad-Hoc|ARM.ActiveCfg = Release|Any CPU
		{74BA9351-F602-4E85-9E83-304CC50B594B}.Ad-Hoc|ARM.Build.0 = Release|Any CPU
		{74BA9351-F602-4E85-9E83-304CC50B594B}.Ad-Hoc|ARM.Deploy.0 = Release|Any CPU
		{74BA9351-F602-4E85-9E83-304CC50B594B}.Ad-Hoc|iPhone.ActiveCfg = Release|Any CPU
		{74BA9351-F602-4E85-9E83-304CC50B594B}.Ad-Hoc|iPhone.Build.0 = Release|Any CPU
		{74BA9351-F602-4E85-9E83-304CC50B594B}.Ad-Hoc|iPhone.Deploy.0 = Release|Any CPU
		{74BA9351-F602-4E85-9E83-304CC50B594B}.Ad-Hoc|iPhoneSimulator.ActiveCfg = Release|Any CPU
		{74BA9351-F602-4E85-9E83-304CC50B594B}.Ad-Hoc|iPhoneSimulator.Build.0 = Release|Any CPU
		{74BA9351-F602-4E85-9E83-304CC50B594B}.Ad-Hoc|iPhoneSimulator.Deploy.0 = Release|Any CPU
		{74BA9351-F602-4E85-9E83-304CC50B594B}.Ad-Hoc|x64.ActiveCfg = Release|Any CPU
		{74BA9351-F602-4E85-9E83-304CC50B594B}.Ad-Hoc|x64.Build.0 = Release|Any CPU
		{74BA9351-F602-4E85-9E83-304CC50B594B}.Ad-Hoc|x64.Deploy.0 = Release|Any CPU
		{74BA9351-F602-4E85-9E83-304CC50B594B}.Ad-Hoc|x86.ActiveCfg = Release|Any CPU
		{74BA9351-F602-4E85-9E83-304CC50B594B}.Ad-Hoc|x86.Build.0 = Release|Any CPU
		{74BA9351-F602-4E85-9E83-304CC50B594B}.Ad-Hoc|x86.Deploy.0 = Release|Any CPU
		{74BA9351-F602-4E85-9E83-304CC50B594B}.AppStore|Any CPU.ActiveCfg = Release|Any CPU
		{74BA9351-F602-4E85-9E83-304CC50B594B}.AppStore|Any CPU.Build.0 = Release|Any CPU
		{74BA9351-F602-4E85-9E83-304CC50B594B}.AppStore|Any CPU.Deploy.0 = Release|Any CPU
		{74BA9351-F602-4E85-9E83-304CC50B594B}.AppStore|ARM.ActiveCfg = Release|Any CPU
		{74BA9351-F602-4E85-9E83-304CC50B594B}.AppStore|ARM.Build.0 = Release|Any CPU
		{74BA9351-F602-4E85-9E83-304CC50B594B}.AppStore|ARM.Deploy.0 = Release|Any CPU
		{74BA9351-F602-4E85-9E83-304CC50B594B}.AppStore|iPhone.ActiveCfg = Release|Any CPU
		{74BA9351-F602-4E85-9E83-304CC50B594B}.AppStore|iPhone.Build.0 = Release|Any CPU
		{74BA9351-F602-4E85-9E83-304CC50B594B}.AppStore|iPhone.Deploy.0 = Release|Any CPU
		{74BA9351-F602-4E85-9E83-304CC50B594B}.AppStore|iPhoneSimulator.ActiveCfg = Release|Any CPU
		{74BA9351-F602-4E85-9E83-304CC50B594B}.AppStore|iPhoneSimulator.Build.0 = Release|Any CPU
		{74BA9351-F602-4E85-9E83-304CC50B594B}.AppStore|iPhoneSimulator.Deploy.0 = Release|Any CPU
		{74BA9351-F602-4E85-9E83-304CC50B594B}.AppStore|x64.ActiveCfg = Release|Any CPU
		{74BA9351-F602-4E85-9E83-304CC50B594B}.AppStore|x64.Build.0 = Release|Any CPU
		{74BA9351-F602-4E85-9E83-304CC50B594B}.AppStore|x64.Deploy.0 = Release|Any CPU
		{74BA9351-F602-4E85-9E83-304CC50B594B}.AppStore|x86.ActiveCfg = Release|Any CPU
		{74BA9351-F602-4E85-9E83-304CC50B594B}.AppStore|x86.Build.0 = Release|Any CPU
		{74BA9351-F602-4E85-9E83-304CC50B594B}.AppStore|x86.Deploy.0 = Release|Any CPU
		{74BA9351-F602-4E85-9E83-304CC50B594B}.Debug|Any CPU.ActiveCfg = Debug|Any CPU
		{74BA9351-F602-4E85-9E83-304CC50B594B}.Debug|Any CPU.Build.0 = Debug|Any CPU
		{74BA9351-F602-4E85-9E83-304CC50B594B}.Debug|Any CPU.Deploy.0 = Debug|Any CPU
		{74BA9351-F602-4E85-9E83-304CC50B594B}.Debug|ARM.ActiveCfg = Debug|Any CPU
		{74BA9351-F602-4E85-9E83-304CC50B594B}.Debug|ARM.Build.0 = Debug|Any CPU
		{74BA9351-F602-4E85-9E83-304CC50B594B}.Debug|ARM.Deploy.0 = Debug|Any CPU
		{74BA9351-F602-4E85-9E83-304CC50B594B}.Debug|iPhone.ActiveCfg = Debug|Any CPU
		{74BA9351-F602-4E85-9E83-304CC50B594B}.Debug|iPhone.Build.0 = Debug|Any CPU
		{74BA9351-F602-4E85-9E83-304CC50B594B}.Debug|iPhone.Deploy.0 = Debug|Any CPU
		{74BA9351-F602-4E85-9E83-304CC50B594B}.Debug|iPhoneSimulator.ActiveCfg = Debug|Any CPU
		{74BA9351-F602-4E85-9E83-304CC50B594B}.Debug|iPhoneSimulator.Build.0 = Debug|Any CPU
		{74BA9351-F602-4E85-9E83-304CC50B594B}.Debug|iPhoneSimulator.Deploy.0 = Debug|Any CPU
		{74BA9351-F602-4E85-9E83-304CC50B594B}.Debug|x64.ActiveCfg = Debug|Any CPU
		{74BA9351-F602-4E85-9E83-304CC50B594B}.Debug|x64.Build.0 = Debug|Any CPU
		{74BA9351-F602-4E85-9E83-304CC50B594B}.Debug|x64.Deploy.0 = Debug|Any CPU
		{74BA9351-F602-4E85-9E83-304CC50B594B}.Debug|x86.ActiveCfg = Debug|Any CPU
		{74BA9351-F602-4E85-9E83-304CC50B594B}.Debug|x86.Build.0 = Debug|Any CPU
		{74BA9351-F602-4E85-9E83-304CC50B594B}.Debug|x86.Deploy.0 = Debug|Any CPU
		{74BA9351-F602-4E85-9E83-304CC50B594B}.Release|Any CPU.ActiveCfg = Release|Any CPU
		{74BA9351-F602-4E85-9E83-304CC50B594B}.Release|Any CPU.Build.0 = Release|Any CPU
		{74BA9351-F602-4E85-9E83-304CC50B594B}.Release|Any CPU.Deploy.0 = Release|Any CPU
		{74BA9351-F602-4E85-9E83-304CC50B594B}.Release|ARM.ActiveCfg = Release|Any CPU
		{74BA9351-F602-4E85-9E83-304CC50B594B}.Release|ARM.Build.0 = Release|Any CPU
		{74BA9351-F602-4E85-9E83-304CC50B594B}.Release|ARM.Deploy.0 = Release|Any CPU
		{74BA9351-F602-4E85-9E83-304CC50B594B}.Release|iPhone.ActiveCfg = Release|Any CPU
		{74BA9351-F602-4E85-9E83-304CC50B594B}.Release|iPhone.Build.0 = Release|Any CPU
		{74BA9351-F602-4E85-9E83-304CC50B594B}.Release|iPhone.Deploy.0 = Release|Any CPU
		{74BA9351-F602-4E85-9E83-304CC50B594B}.Release|iPhoneSimulator.ActiveCfg = Release|Any CPU
		{74BA9351-F602-4E85-9E83-304CC50B594B}.Release|iPhoneSimulator.Build.0 = Release|Any CPU
		{74BA9351-F602-4E85-9E83-304CC50B594B}.Release|iPhoneSimulator.Deploy.0 = Release|Any CPU
		{74BA9351-F602-4E85-9E83-304CC50B594B}.Release|x64.ActiveCfg = Release|Any CPU
		{74BA9351-F602-4E85-9E83-304CC50B594B}.Release|x64.Build.0 = Release|Any CPU
		{74BA9351-F602-4E85-9E83-304CC50B594B}.Release|x64.Deploy.0 = Release|Any CPU
		{74BA9351-F602-4E85-9E83-304CC50B594B}.Release|x86.ActiveCfg = Release|Any CPU
		{74BA9351-F602-4E85-9E83-304CC50B594B}.Release|x86.Build.0 = Release|Any CPU
		{74BA9351-F602-4E85-9E83-304CC50B594B}.Release|x86.Deploy.0 = Release|Any CPU
		{CACD02EF-5801-4C62-AD9F-2B0982BFA4F9}.Ad-Hoc|Any CPU.ActiveCfg = Ad-Hoc|iPhone
		{CACD02EF-5801-4C62-AD9F-2B0982BFA4F9}.Ad-Hoc|Any CPU.Build.0 = Ad-Hoc|iPhone
		{CACD02EF-5801-4C62-AD9F-2B0982BFA4F9}.Ad-Hoc|Any CPU.Deploy.0 = Ad-Hoc|iPhone
		{CACD02EF-5801-4C62-AD9F-2B0982BFA4F9}.Ad-Hoc|ARM.ActiveCfg = Ad-Hoc|iPhone
		{CACD02EF-5801-4C62-AD9F-2B0982BFA4F9}.Ad-Hoc|ARM.Build.0 = Ad-Hoc|iPhone
		{CACD02EF-5801-4C62-AD9F-2B0982BFA4F9}.Ad-Hoc|ARM.Deploy.0 = Ad-Hoc|iPhone
		{CACD02EF-5801-4C62-AD9F-2B0982BFA4F9}.Ad-Hoc|iPhone.ActiveCfg = Ad-Hoc|iPhone
		{CACD02EF-5801-4C62-AD9F-2B0982BFA4F9}.Ad-Hoc|iPhone.Build.0 = Ad-Hoc|iPhone
		{CACD02EF-5801-4C62-AD9F-2B0982BFA4F9}.Ad-Hoc|iPhone.Deploy.0 = Ad-Hoc|iPhone
		{CACD02EF-5801-4C62-AD9F-2B0982BFA4F9}.Ad-Hoc|iPhoneSimulator.ActiveCfg = Ad-Hoc|iPhoneSimulator
		{CACD02EF-5801-4C62-AD9F-2B0982BFA4F9}.Ad-Hoc|iPhoneSimulator.Build.0 = Ad-Hoc|iPhoneSimulator
		{CACD02EF-5801-4C62-AD9F-2B0982BFA4F9}.Ad-Hoc|iPhoneSimulator.Deploy.0 = Ad-Hoc|iPhoneSimulator
		{CACD02EF-5801-4C62-AD9F-2B0982BFA4F9}.Ad-Hoc|x64.ActiveCfg = Ad-Hoc|iPhone
		{CACD02EF-5801-4C62-AD9F-2B0982BFA4F9}.Ad-Hoc|x64.Build.0 = Ad-Hoc|iPhone
		{CACD02EF-5801-4C62-AD9F-2B0982BFA4F9}.Ad-Hoc|x64.Deploy.0 = Ad-Hoc|iPhone
		{CACD02EF-5801-4C62-AD9F-2B0982BFA4F9}.Ad-Hoc|x86.ActiveCfg = Ad-Hoc|iPhone
		{CACD02EF-5801-4C62-AD9F-2B0982BFA4F9}.Ad-Hoc|x86.Build.0 = Ad-Hoc|iPhone
		{CACD02EF-5801-4C62-AD9F-2B0982BFA4F9}.Ad-Hoc|x86.Deploy.0 = Ad-Hoc|iPhone
		{CACD02EF-5801-4C62-AD9F-2B0982BFA4F9}.AppStore|Any CPU.ActiveCfg = AppStore|iPhone
		{CACD02EF-5801-4C62-AD9F-2B0982BFA4F9}.AppStore|Any CPU.Build.0 = AppStore|iPhone
		{CACD02EF-5801-4C62-AD9F-2B0982BFA4F9}.AppStore|Any CPU.Deploy.0 = AppStore|iPhone
		{CACD02EF-5801-4C62-AD9F-2B0982BFA4F9}.AppStore|ARM.ActiveCfg = AppStore|iPhone
		{CACD02EF-5801-4C62-AD9F-2B0982BFA4F9}.AppStore|ARM.Build.0 = AppStore|iPhone
		{CACD02EF-5801-4C62-AD9F-2B0982BFA4F9}.AppStore|ARM.Deploy.0 = AppStore|iPhone
		{CACD02EF-5801-4C62-AD9F-2B0982BFA4F9}.AppStore|iPhone.ActiveCfg = AppStore|iPhone
		{CACD02EF-5801-4C62-AD9F-2B0982BFA4F9}.AppStore|iPhone.Build.0 = AppStore|iPhone
		{CACD02EF-5801-4C62-AD9F-2B0982BFA4F9}.AppStore|iPhone.Deploy.0 = AppStore|iPhone
		{CACD02EF-5801-4C62-AD9F-2B0982BFA4F9}.AppStore|iPhoneSimulator.ActiveCfg = AppStore|iPhoneSimulator
		{CACD02EF-5801-4C62-AD9F-2B0982BFA4F9}.AppStore|iPhoneSimulator.Build.0 = AppStore|iPhoneSimulator
		{CACD02EF-5801-4C62-AD9F-2B0982BFA4F9}.AppStore|iPhoneSimulator.Deploy.0 = AppStore|iPhoneSimulator
		{CACD02EF-5801-4C62-AD9F-2B0982BFA4F9}.AppStore|x64.ActiveCfg = AppStore|iPhone
		{CACD02EF-5801-4C62-AD9F-2B0982BFA4F9}.AppStore|x64.Build.0 = AppStore|iPhone
		{CACD02EF-5801-4C62-AD9F-2B0982BFA4F9}.AppStore|x64.Deploy.0 = AppStore|iPhone
		{CACD02EF-5801-4C62-AD9F-2B0982BFA4F9}.AppStore|x86.ActiveCfg = AppStore|iPhone
		{CACD02EF-5801-4C62-AD9F-2B0982BFA4F9}.AppStore|x86.Build.0 = AppStore|iPhone
		{CACD02EF-5801-4C62-AD9F-2B0982BFA4F9}.AppStore|x86.Deploy.0 = AppStore|iPhone
		{CACD02EF-5801-4C62-AD9F-2B0982BFA4F9}.Debug|Any CPU.ActiveCfg = Debug|iPhoneSimulator
		{CACD02EF-5801-4C62-AD9F-2B0982BFA4F9}.Debug|Any CPU.Build.0 = Debug|iPhoneSimulator
		{CACD02EF-5801-4C62-AD9F-2B0982BFA4F9}.Debug|Any CPU.Deploy.0 = Debug|iPhoneSimulator
		{CACD02EF-5801-4C62-AD9F-2B0982BFA4F9}.Debug|ARM.ActiveCfg = Debug|iPhone
		{CACD02EF-5801-4C62-AD9F-2B0982BFA4F9}.Debug|ARM.Build.0 = Debug|iPhone
		{CACD02EF-5801-4C62-AD9F-2B0982BFA4F9}.Debug|ARM.Deploy.0 = Debug|iPhone
		{CACD02EF-5801-4C62-AD9F-2B0982BFA4F9}.Debug|iPhone.ActiveCfg = Debug|iPhone
		{CACD02EF-5801-4C62-AD9F-2B0982BFA4F9}.Debug|iPhone.Build.0 = Debug|iPhone
		{CACD02EF-5801-4C62-AD9F-2B0982BFA4F9}.Debug|iPhone.Deploy.0 = Debug|iPhone
		{CACD02EF-5801-4C62-AD9F-2B0982BFA4F9}.Debug|iPhoneSimulator.ActiveCfg = Debug|iPhoneSimulator
		{CACD02EF-5801-4C62-AD9F-2B0982BFA4F9}.Debug|iPhoneSimulator.Build.0 = Debug|iPhoneSimulator
		{CACD02EF-5801-4C62-AD9F-2B0982BFA4F9}.Debug|iPhoneSimulator.Deploy.0 = Debug|iPhoneSimulator
		{CACD02EF-5801-4C62-AD9F-2B0982BFA4F9}.Debug|x64.ActiveCfg = Debug|iPhone
		{CACD02EF-5801-4C62-AD9F-2B0982BFA4F9}.Debug|x64.Build.0 = Debug|iPhone
		{CACD02EF-5801-4C62-AD9F-2B0982BFA4F9}.Debug|x64.Deploy.0 = Debug|iPhone
		{CACD02EF-5801-4C62-AD9F-2B0982BFA4F9}.Debug|x86.ActiveCfg = Debug|iPhone
		{CACD02EF-5801-4C62-AD9F-2B0982BFA4F9}.Debug|x86.Build.0 = Debug|iPhone
		{CACD02EF-5801-4C62-AD9F-2B0982BFA4F9}.Debug|x86.Deploy.0 = Debug|iPhone
		{CACD02EF-5801-4C62-AD9F-2B0982BFA4F9}.Release|Any CPU.ActiveCfg = Release|iPhone
		{CACD02EF-5801-4C62-AD9F-2B0982BFA4F9}.Release|Any CPU.Build.0 = Release|iPhone
		{CACD02EF-5801-4C62-AD9F-2B0982BFA4F9}.Release|Any CPU.Deploy.0 = Release|iPhone
		{CACD02EF-5801-4C62-AD9F-2B0982BFA4F9}.Release|ARM.ActiveCfg = Release|iPhone
		{CACD02EF-5801-4C62-AD9F-2B0982BFA4F9}.Release|ARM.Build.0 = Release|iPhone
		{CACD02EF-5801-4C62-AD9F-2B0982BFA4F9}.Release|ARM.Deploy.0 = Release|iPhone
		{CACD02EF-5801-4C62-AD9F-2B0982BFA4F9}.Release|iPhone.ActiveCfg = Release|iPhone
		{CACD02EF-5801-4C62-AD9F-2B0982BFA4F9}.Release|iPhone.Build.0 = Release|iPhone
		{CACD02EF-5801-4C62-AD9F-2B0982BFA4F9}.Release|iPhone.Deploy.0 = Release|iPhone
		{CACD02EF-5801-4C62-AD9F-2B0982BFA4F9}.Release|iPhoneSimulator.ActiveCfg = Release|iPhoneSimulator
		{CACD02EF-5801-4C62-AD9F-2B0982BFA4F9}.Release|iPhoneSimulator.Build.0 = Release|iPhoneSimulator
		{CACD02EF-5801-4C62-AD9F-2B0982BFA4F9}.Release|iPhoneSimulator.Deploy.0 = Release|iPhoneSimulator
		{CACD02EF-5801-4C62-AD9F-2B0982BFA4F9}.Release|x64.ActiveCfg = Release|iPhone
		{CACD02EF-5801-4C62-AD9F-2B0982BFA4F9}.Release|x64.Build.0 = Release|iPhone
		{CACD02EF-5801-4C62-AD9F-2B0982BFA4F9}.Release|x64.Deploy.0 = Release|iPhone
		{CACD02EF-5801-4C62-AD9F-2B0982BFA4F9}.Release|x86.ActiveCfg = Release|iPhone
		{CACD02EF-5801-4C62-AD9F-2B0982BFA4F9}.Release|x86.Build.0 = Release|iPhone
		{CACD02EF-5801-4C62-AD9F-2B0982BFA4F9}.Release|x86.Deploy.0 = Release|iPhone
		{8060A1F0-5264-49A6-8A85-2261EDBB8118}.Ad-Hoc|Any CPU.ActiveCfg = Release|x86
		{8060A1F0-5264-49A6-8A85-2261EDBB8118}.Ad-Hoc|Any CPU.Build.0 = Release|x86
		{8060A1F0-5264-49A6-8A85-2261EDBB8118}.Ad-Hoc|Any CPU.Deploy.0 = Release|x86
		{8060A1F0-5264-49A6-8A85-2261EDBB8118}.Ad-Hoc|ARM.ActiveCfg = Release|ARM
		{8060A1F0-5264-49A6-8A85-2261EDBB8118}.Ad-Hoc|ARM.Build.0 = Release|ARM
		{8060A1F0-5264-49A6-8A85-2261EDBB8118}.Ad-Hoc|ARM.Deploy.0 = Release|ARM
		{8060A1F0-5264-49A6-8A85-2261EDBB8118}.Ad-Hoc|iPhone.ActiveCfg = Release|x86
		{8060A1F0-5264-49A6-8A85-2261EDBB8118}.Ad-Hoc|iPhone.Build.0 = Release|x86
		{8060A1F0-5264-49A6-8A85-2261EDBB8118}.Ad-Hoc|iPhone.Deploy.0 = Release|x86
		{8060A1F0-5264-49A6-8A85-2261EDBB8118}.Ad-Hoc|iPhoneSimulator.ActiveCfg = Release|x86
		{8060A1F0-5264-49A6-8A85-2261EDBB8118}.Ad-Hoc|iPhoneSimulator.Build.0 = Release|x86
		{8060A1F0-5264-49A6-8A85-2261EDBB8118}.Ad-Hoc|iPhoneSimulator.Deploy.0 = Release|x86
		{8060A1F0-5264-49A6-8A85-2261EDBB8118}.Ad-Hoc|x64.ActiveCfg = Release|x64
		{8060A1F0-5264-49A6-8A85-2261EDBB8118}.Ad-Hoc|x64.Build.0 = Release|x64
		{8060A1F0-5264-49A6-8A85-2261EDBB8118}.Ad-Hoc|x64.Deploy.0 = Release|x64
		{8060A1F0-5264-49A6-8A85-2261EDBB8118}.Ad-Hoc|x86.ActiveCfg = Release|x86
		{8060A1F0-5264-49A6-8A85-2261EDBB8118}.Ad-Hoc|x86.Build.0 = Release|x86
		{8060A1F0-5264-49A6-8A85-2261EDBB8118}.Ad-Hoc|x86.Deploy.0 = Release|x86
		{8060A1F0-5264-49A6-8A85-2261EDBB8118}.AppStore|Any CPU.ActiveCfg = Release|x86
		{8060A1F0-5264-49A6-8A85-2261EDBB8118}.AppStore|Any CPU.Build.0 = Release|x86
		{8060A1F0-5264-49A6-8A85-2261EDBB8118}.AppStore|Any CPU.Deploy.0 = Release|x86
		{8060A1F0-5264-49A6-8A85-2261EDBB8118}.AppStore|ARM.ActiveCfg = Release|ARM
		{8060A1F0-5264-49A6-8A85-2261EDBB8118}.AppStore|ARM.Build.0 = Release|ARM
		{8060A1F0-5264-49A6-8A85-2261EDBB8118}.AppStore|ARM.Deploy.0 = Release|ARM
		{8060A1F0-5264-49A6-8A85-2261EDBB8118}.AppStore|iPhone.ActiveCfg = Release|x86
		{8060A1F0-5264-49A6-8A85-2261EDBB8118}.AppStore|iPhone.Build.0 = Release|x86
		{8060A1F0-5264-49A6-8A85-2261EDBB8118}.AppStore|iPhone.Deploy.0 = Release|x86
		{8060A1F0-5264-49A6-8A85-2261EDBB8118}.AppStore|iPhoneSimulator.ActiveCfg = Release|x86
		{8060A1F0-5264-49A6-8A85-2261EDBB8118}.AppStore|iPhoneSimulator.Build.0 = Release|x86
		{8060A1F0-5264-49A6-8A85-2261EDBB8118}.AppStore|iPhoneSimulator.Deploy.0 = Release|x86
		{8060A1F0-5264-49A6-8A85-2261EDBB8118}.AppStore|x64.ActiveCfg = Release|x64
		{8060A1F0-5264-49A6-8A85-2261EDBB8118}.AppStore|x64.Build.0 = Release|x64
		{8060A1F0-5264-49A6-8A85-2261EDBB8118}.AppStore|x64.Deploy.0 = Release|x64
		{8060A1F0-5264-49A6-8A85-2261EDBB8118}.AppStore|x86.ActiveCfg = Release|x86
		{8060A1F0-5264-49A6-8A85-2261EDBB8118}.AppStore|x86.Build.0 = Release|x86
		{8060A1F0-5264-49A6-8A85-2261EDBB8118}.AppStore|x86.Deploy.0 = Release|x86
		{8060A1F0-5264-49A6-8A85-2261EDBB8118}.Debug|Any CPU.ActiveCfg = Debug|x86
		{8060A1F0-5264-49A6-8A85-2261EDBB8118}.Debug|Any CPU.Build.0 = Debug|x86
		{8060A1F0-5264-49A6-8A85-2261EDBB8118}.Debug|Any CPU.Deploy.0 = Debug|x86
		{8060A1F0-5264-49A6-8A85-2261EDBB8118}.Debug|ARM.ActiveCfg = Debug|ARM
		{8060A1F0-5264-49A6-8A85-2261EDBB8118}.Debug|ARM.Build.0 = Debug|ARM
		{8060A1F0-5264-49A6-8A85-2261EDBB8118}.Debug|ARM.Deploy.0 = Debug|ARM
		{8060A1F0-5264-49A6-8A85-2261EDBB8118}.Debug|iPhone.ActiveCfg = Debug|x86
		{8060A1F0-5264-49A6-8A85-2261EDBB8118}.Debug|iPhone.Build.0 = Debug|x86
		{8060A1F0-5264-49A6-8A85-2261EDBB8118}.Debug|iPhone.Deploy.0 = Debug|x86
		{8060A1F0-5264-49A6-8A85-2261EDBB8118}.Debug|iPhoneSimulator.ActiveCfg = Debug|x86
		{8060A1F0-5264-49A6-8A85-2261EDBB8118}.Debug|iPhoneSimulator.Build.0 = Debug|x86
		{8060A1F0-5264-49A6-8A85-2261EDBB8118}.Debug|iPhoneSimulator.Deploy.0 = Debug|x86
		{8060A1F0-5264-49A6-8A85-2261EDBB8118}.Debug|x64.ActiveCfg = Debug|x64
		{8060A1F0-5264-49A6-8A85-2261EDBB8118}.Debug|x64.Build.0 = Debug|x64
		{8060A1F0-5264-49A6-8A85-2261EDBB8118}.Debug|x64.Deploy.0 = Debug|x64
		{8060A1F0-5264-49A6-8A85-2261EDBB8118}.Debug|x86.ActiveCfg = Debug|x86
		{8060A1F0-5264-49A6-8A85-2261EDBB8118}.Debug|x86.Build.0 = Debug|x86
		{8060A1F0-5264-49A6-8A85-2261EDBB8118}.Debug|x86.Deploy.0 = Debug|x86
		{8060A1F0-5264-49A6-8A85-2261EDBB8118}.Release|Any CPU.ActiveCfg = Release|x86
		{8060A1F0-5264-49A6-8A85-2261EDBB8118}.Release|Any CPU.Build.0 = Release|x86
		{8060A1F0-5264-49A6-8A85-2261EDBB8118}.Release|Any CPU.Deploy.0 = Release|x86
		{8060A1F0-5264-49A6-8A85-2261EDBB8118}.Release|ARM.ActiveCfg = Release|ARM
		{8060A1F0-5264-49A6-8A85-2261EDBB8118}.Release|ARM.Build.0 = Release|ARM
		{8060A1F0-5264-49A6-8A85-2261EDBB8118}.Release|ARM.Deploy.0 = Release|ARM
		{8060A1F0-5264-49A6-8A85-2261EDBB8118}.Release|iPhone.ActiveCfg = Release|x86
		{8060A1F0-5264-49A6-8A85-2261EDBB8118}.Release|iPhone.Build.0 = Release|x86
		{8060A1F0-5264-49A6-8A85-2261EDBB8118}.Release|iPhone.Deploy.0 = Release|x86
		{8060A1F0-5264-49A6-8A85-2261EDBB8118}.Release|iPhoneSimulator.ActiveCfg = Release|x86
		{8060A1F0-5264-49A6-8A85-2261EDBB8118}.Release|iPhoneSimulator.Build.0 = Release|x86
		{8060A1F0-5264-49A6-8A85-2261EDBB8118}.Release|iPhoneSimulator.Deploy.0 = Release|x86
		{8060A1F0-5264-49A6-8A85-2261EDBB8118}.Release|x64.ActiveCfg = Release|x64
		{8060A1F0-5264-49A6-8A85-2261EDBB8118}.Release|x64.Build.0 = Release|x64
		{8060A1F0-5264-49A6-8A85-2261EDBB8118}.Release|x64.Deploy.0 = Release|x64
		{8060A1F0-5264-49A6-8A85-2261EDBB8118}.Release|x86.ActiveCfg = Release|x86
		{8060A1F0-5264-49A6-8A85-2261EDBB8118}.Release|x86.Build.0 = Release|x86
		{8060A1F0-5264-49A6-8A85-2261EDBB8118}.Release|x86.Deploy.0 = Release|x86
		{719BEE15-B15F-47D5-894B-D0ED5EC10BEC}.Ad-Hoc|Any CPU.ActiveCfg = Debug|Any CPU
		{719BEE15-B15F-47D5-894B-D0ED5EC10BEC}.Ad-Hoc|Any CPU.Build.0 = Debug|Any CPU
		{719BEE15-B15F-47D5-894B-D0ED5EC10BEC}.Ad-Hoc|Any CPU.Deploy.0 = Debug|Any CPU
		{719BEE15-B15F-47D5-894B-D0ED5EC10BEC}.Ad-Hoc|ARM.ActiveCfg = Debug|Any CPU
		{719BEE15-B15F-47D5-894B-D0ED5EC10BEC}.Ad-Hoc|ARM.Build.0 = Debug|Any CPU
		{719BEE15-B15F-47D5-894B-D0ED5EC10BEC}.Ad-Hoc|ARM.Deploy.0 = Debug|Any CPU
		{719BEE15-B15F-47D5-894B-D0ED5EC10BEC}.Ad-Hoc|iPhone.ActiveCfg = Debug|Any CPU
		{719BEE15-B15F-47D5-894B-D0ED5EC10BEC}.Ad-Hoc|iPhone.Build.0 = Debug|Any CPU
		{719BEE15-B15F-47D5-894B-D0ED5EC10BEC}.Ad-Hoc|iPhone.Deploy.0 = Debug|Any CPU
		{719BEE15-B15F-47D5-894B-D0ED5EC10BEC}.Ad-Hoc|iPhoneSimulator.ActiveCfg = Debug|Any CPU
		{719BEE15-B15F-47D5-894B-D0ED5EC10BEC}.Ad-Hoc|iPhoneSimulator.Build.0 = Debug|Any CPU
		{719BEE15-B15F-47D5-894B-D0ED5EC10BEC}.Ad-Hoc|iPhoneSimulator.Deploy.0 = Debug|Any CPU
		{719BEE15-B15F-47D5-894B-D0ED5EC10BEC}.Ad-Hoc|x64.ActiveCfg = Debug|Any CPU
		{719BEE15-B15F-47D5-894B-D0ED5EC10BEC}.Ad-Hoc|x64.Build.0 = Debug|Any CPU
		{719BEE15-B15F-47D5-894B-D0ED5EC10BEC}.Ad-Hoc|x64.Deploy.0 = Debug|Any CPU
		{719BEE15-B15F-47D5-894B-D0ED5EC10BEC}.Ad-Hoc|x86.ActiveCfg = Debug|Any CPU
		{719BEE15-B15F-47D5-894B-D0ED5EC10BEC}.Ad-Hoc|x86.Build.0 = Debug|Any CPU
		{719BEE15-B15F-47D5-894B-D0ED5EC10BEC}.Ad-Hoc|x86.Deploy.0 = Debug|Any CPU
		{719BEE15-B15F-47D5-894B-D0ED5EC10BEC}.AppStore|Any CPU.ActiveCfg = Debug|Any CPU
		{719BEE15-B15F-47D5-894B-D0ED5EC10BEC}.AppStore|Any CPU.Build.0 = Debug|Any CPU
		{719BEE15-B15F-47D5-894B-D0ED5EC10BEC}.AppStore|Any CPU.Deploy.0 = Debug|Any CPU
		{719BEE15-B15F-47D5-894B-D0ED5EC10BEC}.AppStore|ARM.ActiveCfg = Debug|Any CPU
		{719BEE15-B15F-47D5-894B-D0ED5EC10BEC}.AppStore|ARM.Build.0 = Debug|Any CPU
		{719BEE15-B15F-47D5-894B-D0ED5EC10BEC}.AppStore|ARM.Deploy.0 = Debug|Any CPU
		{719BEE15-B15F-47D5-894B-D0ED5EC10BEC}.AppStore|iPhone.ActiveCfg = Debug|Any CPU
		{719BEE15-B15F-47D5-894B-D0ED5EC10BEC}.AppStore|iPhone.Build.0 = Debug|Any CPU
		{719BEE15-B15F-47D5-894B-D0ED5EC10BEC}.AppStore|iPhone.Deploy.0 = Debug|Any CPU
		{719BEE15-B15F-47D5-894B-D0ED5EC10BEC}.AppStore|iPhoneSimulator.ActiveCfg = Debug|Any CPU
		{719BEE15-B15F-47D5-894B-D0ED5EC10BEC}.AppStore|iPhoneSimulator.Build.0 = Debug|Any CPU
		{719BEE15-B15F-47D5-894B-D0ED5EC10BEC}.AppStore|iPhoneSimulator.Deploy.0 = Debug|Any CPU
		{719BEE15-B15F-47D5-894B-D0ED5EC10BEC}.AppStore|x64.ActiveCfg = Debug|Any CPU
		{719BEE15-B15F-47D5-894B-D0ED5EC10BEC}.AppStore|x64.Build.0 = Debug|Any CPU
		{719BEE15-B15F-47D5-894B-D0ED5EC10BEC}.AppStore|x64.Deploy.0 = Debug|Any CPU
		{719BEE15-B15F-47D5-894B-D0ED5EC10BEC}.AppStore|x86.ActiveCfg = Debug|Any CPU
		{719BEE15-B15F-47D5-894B-D0ED5EC10BEC}.AppStore|x86.Build.0 = Debug|Any CPU
		{719BEE15-B15F-47D5-894B-D0ED5EC10BEC}.AppStore|x86.Deploy.0 = Debug|Any CPU
		{719BEE15-B15F-47D5-894B-D0ED5EC10BEC}.Debug|Any CPU.ActiveCfg = Debug|Any CPU
		{719BEE15-B15F-47D5-894B-D0ED5EC10BEC}.Debug|Any CPU.Build.0 = Debug|Any CPU
		{719BEE15-B15F-47D5-894B-D0ED5EC10BEC}.Debug|Any CPU.Deploy.0 = Debug|Any CPU
		{719BEE15-B15F-47D5-894B-D0ED5EC10BEC}.Debug|ARM.ActiveCfg = Debug|Any CPU
		{719BEE15-B15F-47D5-894B-D0ED5EC10BEC}.Debug|ARM.Build.0 = Debug|Any CPU
		{719BEE15-B15F-47D5-894B-D0ED5EC10BEC}.Debug|ARM.Deploy.0 = Debug|Any CPU
		{719BEE15-B15F-47D5-894B-D0ED5EC10BEC}.Debug|iPhone.ActiveCfg = Debug|Any CPU
		{719BEE15-B15F-47D5-894B-D0ED5EC10BEC}.Debug|iPhone.Build.0 = Debug|Any CPU
		{719BEE15-B15F-47D5-894B-D0ED5EC10BEC}.Debug|iPhone.Deploy.0 = Debug|Any CPU
		{719BEE15-B15F-47D5-894B-D0ED5EC10BEC}.Debug|iPhoneSimulator.ActiveCfg = Debug|Any CPU
		{719BEE15-B15F-47D5-894B-D0ED5EC10BEC}.Debug|iPhoneSimulator.Build.0 = Debug|Any CPU
		{719BEE15-B15F-47D5-894B-D0ED5EC10BEC}.Debug|iPhoneSimulator.Deploy.0 = Debug|Any CPU
		{719BEE15-B15F-47D5-894B-D0ED5EC10BEC}.Debug|x64.ActiveCfg = Debug|Any CPU
		{719BEE15-B15F-47D5-894B-D0ED5EC10BEC}.Debug|x64.Build.0 = Debug|Any CPU
		{719BEE15-B15F-47D5-894B-D0ED5EC10BEC}.Debug|x64.Deploy.0 = Debug|Any CPU
		{719BEE15-B15F-47D5-894B-D0ED5EC10BEC}.Debug|x86.ActiveCfg = Debug|Any CPU
		{719BEE15-B15F-47D5-894B-D0ED5EC10BEC}.Debug|x86.Build.0 = Debug|Any CPU
		{719BEE15-B15F-47D5-894B-D0ED5EC10BEC}.Debug|x86.Deploy.0 = Debug|Any CPU
		{719BEE15-B15F-47D5-894B-D0ED5EC10BEC}.Release|Any CPU.ActiveCfg = Release|Any CPU
		{719BEE15-B15F-47D5-894B-D0ED5EC10BEC}.Release|Any CPU.Build.0 = Release|Any CPU
		{719BEE15-B15F-47D5-894B-D0ED5EC10BEC}.Release|Any CPU.Deploy.0 = Release|Any CPU
		{719BEE15-B15F-47D5-894B-D0ED5EC10BEC}.Release|ARM.ActiveCfg = Release|Any CPU
		{719BEE15-B15F-47D5-894B-D0ED5EC10BEC}.Release|ARM.Build.0 = Release|Any CPU
		{719BEE15-B15F-47D5-894B-D0ED5EC10BEC}.Release|ARM.Deploy.0 = Release|Any CPU
		{719BEE15-B15F-47D5-894B-D0ED5EC10BEC}.Release|iPhone.ActiveCfg = Release|Any CPU
		{719BEE15-B15F-47D5-894B-D0ED5EC10BEC}.Release|iPhone.Build.0 = Release|Any CPU
		{719BEE15-B15F-47D5-894B-D0ED5EC10BEC}.Release|iPhone.Deploy.0 = Release|Any CPU
		{719BEE15-B15F-47D5-894B-D0ED5EC10BEC}.Release|iPhoneSimulator.ActiveCfg = Release|Any CPU
		{719BEE15-B15F-47D5-894B-D0ED5EC10BEC}.Release|iPhoneSimulator.Build.0 = Release|Any CPU
		{719BEE15-B15F-47D5-894B-D0ED5EC10BEC}.Release|iPhoneSimulator.Deploy.0 = Release|Any CPU
		{719BEE15-B15F-47D5-894B-D0ED5EC10BEC}.Release|x64.ActiveCfg = Release|Any CPU
		{719BEE15-B15F-47D5-894B-D0ED5EC10BEC}.Release|x64.Build.0 = Release|Any CPU
		{719BEE15-B15F-47D5-894B-D0ED5EC10BEC}.Release|x64.Deploy.0 = Release|Any CPU
		{719BEE15-B15F-47D5-894B-D0ED5EC10BEC}.Release|x86.ActiveCfg = Release|Any CPU
		{719BEE15-B15F-47D5-894B-D0ED5EC10BEC}.Release|x86.Build.0 = Release|Any CPU
		{719BEE15-B15F-47D5-894B-D0ED5EC10BEC}.Release|x86.Deploy.0 = Release|Any CPU
		{97C34259-19D8-4FFF-9C38-875E37250885}.Ad-Hoc|Any CPU.ActiveCfg = Release|Any CPU
		{97C34259-19D8-4FFF-9C38-875E37250885}.Ad-Hoc|Any CPU.Build.0 = Release|Any CPU
		{97C34259-19D8-4FFF-9C38-875E37250885}.Ad-Hoc|ARM.ActiveCfg = Release|ARM
		{97C34259-19D8-4FFF-9C38-875E37250885}.Ad-Hoc|ARM.Build.0 = Release|ARM
		{97C34259-19D8-4FFF-9C38-875E37250885}.Ad-Hoc|iPhone.ActiveCfg = Release|Any CPU
		{97C34259-19D8-4FFF-9C38-875E37250885}.Ad-Hoc|iPhone.Build.0 = Release|Any CPU
		{97C34259-19D8-4FFF-9C38-875E37250885}.Ad-Hoc|iPhoneSimulator.ActiveCfg = Release|Any CPU
		{97C34259-19D8-4FFF-9C38-875E37250885}.Ad-Hoc|iPhoneSimulator.Build.0 = Release|Any CPU
		{97C34259-19D8-4FFF-9C38-875E37250885}.Ad-Hoc|x64.ActiveCfg = Release|x64
		{97C34259-19D8-4FFF-9C38-875E37250885}.Ad-Hoc|x64.Build.0 = Release|x64
		{97C34259-19D8-4FFF-9C38-875E37250885}.Ad-Hoc|x86.ActiveCfg = Release|x86
		{97C34259-19D8-4FFF-9C38-875E37250885}.Ad-Hoc|x86.Build.0 = Release|x86
		{97C34259-19D8-4FFF-9C38-875E37250885}.AppStore|Any CPU.ActiveCfg = Release|Any CPU
		{97C34259-19D8-4FFF-9C38-875E37250885}.AppStore|Any CPU.Build.0 = Release|Any CPU
		{97C34259-19D8-4FFF-9C38-875E37250885}.AppStore|ARM.ActiveCfg = Release|ARM
		{97C34259-19D8-4FFF-9C38-875E37250885}.AppStore|ARM.Build.0 = Release|ARM
		{97C34259-19D8-4FFF-9C38-875E37250885}.AppStore|iPhone.ActiveCfg = Release|Any CPU
		{97C34259-19D8-4FFF-9C38-875E37250885}.AppStore|iPhone.Build.0 = Release|Any CPU
		{97C34259-19D8-4FFF-9C38-875E37250885}.AppStore|iPhoneSimulator.ActiveCfg = Release|Any CPU
		{97C34259-19D8-4FFF-9C38-875E37250885}.AppStore|iPhoneSimulator.Build.0 = Release|Any CPU
		{97C34259-19D8-4FFF-9C38-875E37250885}.AppStore|x64.ActiveCfg = Release|x64
		{97C34259-19D8-4FFF-9C38-875E37250885}.AppStore|x64.Build.0 = Release|x64
		{97C34259-19D8-4FFF-9C38-875E37250885}.AppStore|x86.ActiveCfg = Release|x86
		{97C34259-19D8-4FFF-9C38-875E37250885}.AppStore|x86.Build.0 = Release|x86
		{97C34259-19D8-4FFF-9C38-875E37250885}.Debug|Any CPU.ActiveCfg = Debug|Any CPU
		{97C34259-19D8-4FFF-9C38-875E37250885}.Debug|Any CPU.Build.0 = Debug|Any CPU
		{97C34259-19D8-4FFF-9C38-875E37250885}.Debug|ARM.ActiveCfg = Debug|ARM
		{97C34259-19D8-4FFF-9C38-875E37250885}.Debug|ARM.Build.0 = Debug|ARM
		{97C34259-19D8-4FFF-9C38-875E37250885}.Debug|iPhone.ActiveCfg = Debug|Any CPU
		{97C34259-19D8-4FFF-9C38-875E37250885}.Debug|iPhone.Build.0 = Debug|Any CPU
		{97C34259-19D8-4FFF-9C38-875E37250885}.Debug|iPhoneSimulator.ActiveCfg = Debug|Any CPU
		{97C34259-19D8-4FFF-9C38-875E37250885}.Debug|iPhoneSimulator.Build.0 = Debug|Any CPU
		{97C34259-19D8-4FFF-9C38-875E37250885}.Debug|x64.ActiveCfg = Debug|x64
		{97C34259-19D8-4FFF-9C38-875E37250885}.Debug|x64.Build.0 = Debug|x64
		{97C34259-19D8-4FFF-9C38-875E37250885}.Debug|x86.ActiveCfg = Debug|x86
		{97C34259-19D8-4FFF-9C38-875E37250885}.Debug|x86.Build.0 = Debug|x86
		{97C34259-19D8-4FFF-9C38-875E37250885}.Release|Any CPU.ActiveCfg = Release|Any CPU
		{97C34259-19D8-4FFF-9C38-875E37250885}.Release|Any CPU.Build.0 = Release|Any CPU
		{97C34259-19D8-4FFF-9C38-875E37250885}.Release|ARM.ActiveCfg = Release|ARM
		{97C34259-19D8-4FFF-9C38-875E37250885}.Release|ARM.Build.0 = Release|ARM
		{97C34259-19D8-4FFF-9C38-875E37250885}.Release|iPhone.ActiveCfg = Release|Any CPU
		{97C34259-19D8-4FFF-9C38-875E37250885}.Release|iPhone.Build.0 = Release|Any CPU
		{97C34259-19D8-4FFF-9C38-875E37250885}.Release|iPhoneSimulator.ActiveCfg = Release|Any CPU
		{97C34259-19D8-4FFF-9C38-875E37250885}.Release|iPhoneSimulator.Build.0 = Release|Any CPU
		{97C34259-19D8-4FFF-9C38-875E37250885}.Release|x64.ActiveCfg = Release|x64
		{97C34259-19D8-4FFF-9C38-875E37250885}.Release|x64.Build.0 = Release|x64
		{97C34259-19D8-4FFF-9C38-875E37250885}.Release|x86.ActiveCfg = Release|x86
		{97C34259-19D8-4FFF-9C38-875E37250885}.Release|x86.Build.0 = Release|x86
		{E71F3053-056C-4381-9638-048ED73BDFF6}.Ad-Hoc|Any CPU.ActiveCfg = Release|Any CPU
		{E71F3053-056C-4381-9638-048ED73BDFF6}.Ad-Hoc|Any CPU.Build.0 = Release|Any CPU
		{E71F3053-056C-4381-9638-048ED73BDFF6}.Ad-Hoc|ARM.ActiveCfg = Release|Any CPU
		{E71F3053-056C-4381-9638-048ED73BDFF6}.Ad-Hoc|ARM.Build.0 = Release|Any CPU
		{E71F3053-056C-4381-9638-048ED73BDFF6}.Ad-Hoc|iPhone.ActiveCfg = Release|Any CPU
		{E71F3053-056C-4381-9638-048ED73BDFF6}.Ad-Hoc|iPhone.Build.0 = Release|Any CPU
		{E71F3053-056C-4381-9638-048ED73BDFF6}.Ad-Hoc|iPhoneSimulator.ActiveCfg = Release|Any CPU
		{E71F3053-056C-4381-9638-048ED73BDFF6}.Ad-Hoc|iPhoneSimulator.Build.0 = Release|Any CPU
		{E71F3053-056C-4381-9638-048ED73BDFF6}.Ad-Hoc|x64.ActiveCfg = Release|Any CPU
		{E71F3053-056C-4381-9638-048ED73BDFF6}.Ad-Hoc|x64.Build.0 = Release|Any CPU
		{E71F3053-056C-4381-9638-048ED73BDFF6}.Ad-Hoc|x86.ActiveCfg = Release|Any CPU
		{E71F3053-056C-4381-9638-048ED73BDFF6}.Ad-Hoc|x86.Build.0 = Release|Any CPU
		{E71F3053-056C-4381-9638-048ED73BDFF6}.AppStore|Any CPU.ActiveCfg = Release|Any CPU
		{E71F3053-056C-4381-9638-048ED73BDFF6}.AppStore|Any CPU.Build.0 = Release|Any CPU
		{E71F3053-056C-4381-9638-048ED73BDFF6}.AppStore|ARM.ActiveCfg = Release|Any CPU
		{E71F3053-056C-4381-9638-048ED73BDFF6}.AppStore|ARM.Build.0 = Release|Any CPU
		{E71F3053-056C-4381-9638-048ED73BDFF6}.AppStore|iPhone.ActiveCfg = Release|Any CPU
		{E71F3053-056C-4381-9638-048ED73BDFF6}.AppStore|iPhone.Build.0 = Release|Any CPU
		{E71F3053-056C-4381-9638-048ED73BDFF6}.AppStore|iPhoneSimulator.ActiveCfg = Release|Any CPU
		{E71F3053-056C-4381-9638-048ED73BDFF6}.AppStore|iPhoneSimulator.Build.0 = Release|Any CPU
		{E71F3053-056C-4381-9638-048ED73BDFF6}.AppStore|x64.ActiveCfg = Release|Any CPU
		{E71F3053-056C-4381-9638-048ED73BDFF6}.AppStore|x64.Build.0 = Release|Any CPU
		{E71F3053-056C-4381-9638-048ED73BDFF6}.AppStore|x86.ActiveCfg = Release|Any CPU
		{E71F3053-056C-4381-9638-048ED73BDFF6}.AppStore|x86.Build.0 = Release|Any CPU
		{E71F3053-056C-4381-9638-048ED73BDFF6}.Debug|Any CPU.ActiveCfg = Debug|Any CPU
		{E71F3053-056C-4381-9638-048ED73BDFF6}.Debug|Any CPU.Build.0 = Debug|Any CPU
		{E71F3053-056C-4381-9638-048ED73BDFF6}.Debug|ARM.ActiveCfg = Debug|Any CPU
		{E71F3053-056C-4381-9638-048ED73BDFF6}.Debug|ARM.Build.0 = Debug|Any CPU
		{E71F3053-056C-4381-9638-048ED73BDFF6}.Debug|iPhone.ActiveCfg = Debug|Any CPU
		{E71F3053-056C-4381-9638-048ED73BDFF6}.Debug|iPhone.Build.0 = Debug|Any CPU
		{E71F3053-056C-4381-9638-048ED73BDFF6}.Debug|iPhoneSimulator.ActiveCfg = Debug|Any CPU
		{E71F3053-056C-4381-9638-048ED73BDFF6}.Debug|iPhoneSimulator.Build.0 = Debug|Any CPU
		{E71F3053-056C-4381-9638-048ED73BDFF6}.Debug|x64.ActiveCfg = Debug|Any CPU
		{E71F3053-056C-4381-9638-048ED73BDFF6}.Debug|x64.Build.0 = Debug|Any CPU
		{E71F3053-056C-4381-9638-048ED73BDFF6}.Debug|x86.ActiveCfg = Debug|Any CPU
		{E71F3053-056C-4381-9638-048ED73BDFF6}.Debug|x86.Build.0 = Debug|Any CPU
		{E71F3053-056C-4381-9638-048ED73BDFF6}.Release|Any CPU.ActiveCfg = Release|Any CPU
		{E71F3053-056C-4381-9638-048ED73BDFF6}.Release|Any CPU.Build.0 = Release|Any CPU
		{E71F3053-056C-4381-9638-048ED73BDFF6}.Release|ARM.ActiveCfg = Release|Any CPU
		{E71F3053-056C-4381-9638-048ED73BDFF6}.Release|ARM.Build.0 = Release|Any CPU
		{E71F3053-056C-4381-9638-048ED73BDFF6}.Release|iPhone.ActiveCfg = Release|Any CPU
		{E71F3053-056C-4381-9638-048ED73BDFF6}.Release|iPhone.Build.0 = Release|Any CPU
		{E71F3053-056C-4381-9638-048ED73BDFF6}.Release|iPhoneSimulator.ActiveCfg = Release|Any CPU
		{E71F3053-056C-4381-9638-048ED73BDFF6}.Release|iPhoneSimulator.Build.0 = Release|Any CPU
		{E71F3053-056C-4381-9638-048ED73BDFF6}.Release|x64.ActiveCfg = Release|Any CPU
		{E71F3053-056C-4381-9638-048ED73BDFF6}.Release|x64.Build.0 = Release|Any CPU
		{E71F3053-056C-4381-9638-048ED73BDFF6}.Release|x86.ActiveCfg = Release|Any CPU
		{E71F3053-056C-4381-9638-048ED73BDFF6}.Release|x86.Build.0 = Release|Any CPU
		{C13A334F-9939-4FAE-83D7-FF98B075C4A2}.Ad-Hoc|Any CPU.ActiveCfg = Release|Any CPU
		{C13A334F-9939-4FAE-83D7-FF98B075C4A2}.Ad-Hoc|Any CPU.Build.0 = Release|Any CPU
		{C13A334F-9939-4FAE-83D7-FF98B075C4A2}.Ad-Hoc|ARM.ActiveCfg = Release|Any CPU
		{C13A334F-9939-4FAE-83D7-FF98B075C4A2}.Ad-Hoc|ARM.Build.0 = Release|Any CPU
		{C13A334F-9939-4FAE-83D7-FF98B075C4A2}.Ad-Hoc|iPhone.ActiveCfg = Release|Any CPU
		{C13A334F-9939-4FAE-83D7-FF98B075C4A2}.Ad-Hoc|iPhone.Build.0 = Release|Any CPU
		{C13A334F-9939-4FAE-83D7-FF98B075C4A2}.Ad-Hoc|iPhoneSimulator.ActiveCfg = Release|Any CPU
		{C13A334F-9939-4FAE-83D7-FF98B075C4A2}.Ad-Hoc|iPhoneSimulator.Build.0 = Release|Any CPU
		{C13A334F-9939-4FAE-83D7-FF98B075C4A2}.Ad-Hoc|x64.ActiveCfg = Release|Any CPU
		{C13A334F-9939-4FAE-83D7-FF98B075C4A2}.Ad-Hoc|x64.Build.0 = Release|Any CPU
		{C13A334F-9939-4FAE-83D7-FF98B075C4A2}.Ad-Hoc|x86.ActiveCfg = Release|Any CPU
		{C13A334F-9939-4FAE-83D7-FF98B075C4A2}.Ad-Hoc|x86.Build.0 = Release|Any CPU
		{C13A334F-9939-4FAE-83D7-FF98B075C4A2}.AppStore|Any CPU.ActiveCfg = Release|Any CPU
		{C13A334F-9939-4FAE-83D7-FF98B075C4A2}.AppStore|Any CPU.Build.0 = Release|Any CPU
		{C13A334F-9939-4FAE-83D7-FF98B075C4A2}.AppStore|ARM.ActiveCfg = Release|Any CPU
		{C13A334F-9939-4FAE-83D7-FF98B075C4A2}.AppStore|ARM.Build.0 = Release|Any CPU
		{C13A334F-9939-4FAE-83D7-FF98B075C4A2}.AppStore|iPhone.ActiveCfg = Release|Any CPU
		{C13A334F-9939-4FAE-83D7-FF98B075C4A2}.AppStore|iPhone.Build.0 = Release|Any CPU
		{C13A334F-9939-4FAE-83D7-FF98B075C4A2}.AppStore|iPhoneSimulator.ActiveCfg = Release|Any CPU
		{C13A334F-9939-4FAE-83D7-FF98B075C4A2}.AppStore|iPhoneSimulator.Build.0 = Release|Any CPU
		{C13A334F-9939-4FAE-83D7-FF98B075C4A2}.AppStore|x64.ActiveCfg = Release|Any CPU
		{C13A334F-9939-4FAE-83D7-FF98B075C4A2}.AppStore|x64.Build.0 = Release|Any CPU
		{C13A334F-9939-4FAE-83D7-FF98B075C4A2}.AppStore|x86.ActiveCfg = Release|Any CPU
		{C13A334F-9939-4FAE-83D7-FF98B075C4A2}.AppStore|x86.Build.0 = Release|Any CPU
		{C13A334F-9939-4FAE-83D7-FF98B075C4A2}.Debug|Any CPU.ActiveCfg = Debug|Any CPU
		{C13A334F-9939-4FAE-83D7-FF98B075C4A2}.Debug|Any CPU.Build.0 = Debug|Any CPU
		{C13A334F-9939-4FAE-83D7-FF98B075C4A2}.Debug|ARM.ActiveCfg = Debug|Any CPU
		{C13A334F-9939-4FAE-83D7-FF98B075C4A2}.Debug|ARM.Build.0 = Debug|Any CPU
		{C13A334F-9939-4FAE-83D7-FF98B075C4A2}.Debug|iPhone.ActiveCfg = Debug|Any CPU
		{C13A334F-9939-4FAE-83D7-FF98B075C4A2}.Debug|iPhone.Build.0 = Debug|Any CPU
		{C13A334F-9939-4FAE-83D7-FF98B075C4A2}.Debug|iPhoneSimulator.ActiveCfg = Debug|Any CPU
		{C13A334F-9939-4FAE-83D7-FF98B075C4A2}.Debug|iPhoneSimulator.Build.0 = Debug|Any CPU
		{C13A334F-9939-4FAE-83D7-FF98B075C4A2}.Debug|x64.ActiveCfg = Debug|Any CPU
		{C13A334F-9939-4FAE-83D7-FF98B075C4A2}.Debug|x64.Build.0 = Debug|Any CPU
		{C13A334F-9939-4FAE-83D7-FF98B075C4A2}.Debug|x86.ActiveCfg = Debug|Any CPU
		{C13A334F-9939-4FAE-83D7-FF98B075C4A2}.Debug|x86.Build.0 = Debug|Any CPU
		{C13A334F-9939-4FAE-83D7-FF98B075C4A2}.Release|Any CPU.ActiveCfg = Release|Any CPU
		{C13A334F-9939-4FAE-83D7-FF98B075C4A2}.Release|Any CPU.Build.0 = Release|Any CPU
		{C13A334F-9939-4FAE-83D7-FF98B075C4A2}.Release|ARM.ActiveCfg = Release|Any CPU
		{C13A334F-9939-4FAE-83D7-FF98B075C4A2}.Release|ARM.Build.0 = Release|Any CPU
		{C13A334F-9939-4FAE-83D7-FF98B075C4A2}.Release|iPhone.ActiveCfg = Release|Any CPU
		{C13A334F-9939-4FAE-83D7-FF98B075C4A2}.Release|iPhone.Build.0 = Release|Any CPU
		{C13A334F-9939-4FAE-83D7-FF98B075C4A2}.Release|iPhoneSimulator.ActiveCfg = Release|Any CPU
		{C13A334F-9939-4FAE-83D7-FF98B075C4A2}.Release|iPhoneSimulator.Build.0 = Release|Any CPU
		{C13A334F-9939-4FAE-83D7-FF98B075C4A2}.Release|x64.ActiveCfg = Release|Any CPU
		{C13A334F-9939-4FAE-83D7-FF98B075C4A2}.Release|x64.Build.0 = Release|Any CPU
		{C13A334F-9939-4FAE-83D7-FF98B075C4A2}.Release|x86.ActiveCfg = Release|Any CPU
		{C13A334F-9939-4FAE-83D7-FF98B075C4A2}.Release|x86.Build.0 = Release|Any CPU
		{6C96DBB4-91EE-4E7F-9FA2-4ABDC571E55B}.Ad-Hoc|Any CPU.ActiveCfg = Debug|Any CPU
		{6C96DBB4-91EE-4E7F-9FA2-4ABDC571E55B}.Ad-Hoc|Any CPU.Build.0 = Debug|Any CPU
		{6C96DBB4-91EE-4E7F-9FA2-4ABDC571E55B}.Ad-Hoc|ARM.ActiveCfg = Debug|Any CPU
		{6C96DBB4-91EE-4E7F-9FA2-4ABDC571E55B}.Ad-Hoc|ARM.Build.0 = Debug|Any CPU
		{6C96DBB4-91EE-4E7F-9FA2-4ABDC571E55B}.Ad-Hoc|iPhone.ActiveCfg = Debug|Any CPU
		{6C96DBB4-91EE-4E7F-9FA2-4ABDC571E55B}.Ad-Hoc|iPhone.Build.0 = Debug|Any CPU
		{6C96DBB4-91EE-4E7F-9FA2-4ABDC571E55B}.Ad-Hoc|iPhoneSimulator.ActiveCfg = Debug|Any CPU
		{6C96DBB4-91EE-4E7F-9FA2-4ABDC571E55B}.Ad-Hoc|iPhoneSimulator.Build.0 = Debug|Any CPU
		{6C96DBB4-91EE-4E7F-9FA2-4ABDC571E55B}.Ad-Hoc|x64.ActiveCfg = Debug|Any CPU
		{6C96DBB4-91EE-4E7F-9FA2-4ABDC571E55B}.Ad-Hoc|x64.Build.0 = Debug|Any CPU
		{6C96DBB4-91EE-4E7F-9FA2-4ABDC571E55B}.Ad-Hoc|x86.ActiveCfg = Debug|Any CPU
		{6C96DBB4-91EE-4E7F-9FA2-4ABDC571E55B}.Ad-Hoc|x86.Build.0 = Debug|Any CPU
		{6C96DBB4-91EE-4E7F-9FA2-4ABDC571E55B}.AppStore|Any CPU.ActiveCfg = Debug|Any CPU
		{6C96DBB4-91EE-4E7F-9FA2-4ABDC571E55B}.AppStore|Any CPU.Build.0 = Debug|Any CPU
		{6C96DBB4-91EE-4E7F-9FA2-4ABDC571E55B}.AppStore|ARM.ActiveCfg = Debug|Any CPU
		{6C96DBB4-91EE-4E7F-9FA2-4ABDC571E55B}.AppStore|ARM.Build.0 = Debug|Any CPU
		{6C96DBB4-91EE-4E7F-9FA2-4ABDC571E55B}.AppStore|iPhone.ActiveCfg = Debug|Any CPU
		{6C96DBB4-91EE-4E7F-9FA2-4ABDC571E55B}.AppStore|iPhone.Build.0 = Debug|Any CPU
		{6C96DBB4-91EE-4E7F-9FA2-4ABDC571E55B}.AppStore|iPhoneSimulator.ActiveCfg = Debug|Any CPU
		{6C96DBB4-91EE-4E7F-9FA2-4ABDC571E55B}.AppStore|iPhoneSimulator.Build.0 = Debug|Any CPU
		{6C96DBB4-91EE-4E7F-9FA2-4ABDC571E55B}.AppStore|x64.ActiveCfg = Debug|Any CPU
		{6C96DBB4-91EE-4E7F-9FA2-4ABDC571E55B}.AppStore|x64.Build.0 = Debug|Any CPU
		{6C96DBB4-91EE-4E7F-9FA2-4ABDC571E55B}.AppStore|x86.ActiveCfg = Debug|Any CPU
		{6C96DBB4-91EE-4E7F-9FA2-4ABDC571E55B}.AppStore|x86.Build.0 = Debug|Any CPU
		{6C96DBB4-91EE-4E7F-9FA2-4ABDC571E55B}.Debug|Any CPU.ActiveCfg = Debug|Any CPU
		{6C96DBB4-91EE-4E7F-9FA2-4ABDC571E55B}.Debug|Any CPU.Build.0 = Debug|Any CPU
		{6C96DBB4-91EE-4E7F-9FA2-4ABDC571E55B}.Debug|ARM.ActiveCfg = Debug|Any CPU
		{6C96DBB4-91EE-4E7F-9FA2-4ABDC571E55B}.Debug|ARM.Build.0 = Debug|Any CPU
		{6C96DBB4-91EE-4E7F-9FA2-4ABDC571E55B}.Debug|iPhone.ActiveCfg = Debug|Any CPU
		{6C96DBB4-91EE-4E7F-9FA2-4ABDC571E55B}.Debug|iPhone.Build.0 = Debug|Any CPU
		{6C96DBB4-91EE-4E7F-9FA2-4ABDC571E55B}.Debug|iPhoneSimulator.ActiveCfg = Debug|Any CPU
		{6C96DBB4-91EE-4E7F-9FA2-4ABDC571E55B}.Debug|iPhoneSimulator.Build.0 = Debug|Any CPU
		{6C96DBB4-91EE-4E7F-9FA2-4ABDC571E55B}.Debug|x64.ActiveCfg = Debug|Any CPU
		{6C96DBB4-91EE-4E7F-9FA2-4ABDC571E55B}.Debug|x64.Build.0 = Debug|Any CPU
		{6C96DBB4-91EE-4E7F-9FA2-4ABDC571E55B}.Debug|x86.ActiveCfg = Debug|Any CPU
		{6C96DBB4-91EE-4E7F-9FA2-4ABDC571E55B}.Debug|x86.Build.0 = Debug|Any CPU
		{6C96DBB4-91EE-4E7F-9FA2-4ABDC571E55B}.Release|Any CPU.ActiveCfg = Release|Any CPU
		{6C96DBB4-91EE-4E7F-9FA2-4ABDC571E55B}.Release|Any CPU.Build.0 = Release|Any CPU
		{6C96DBB4-91EE-4E7F-9FA2-4ABDC571E55B}.Release|ARM.ActiveCfg = Release|Any CPU
		{6C96DBB4-91EE-4E7F-9FA2-4ABDC571E55B}.Release|ARM.Build.0 = Release|Any CPU
		{6C96DBB4-91EE-4E7F-9FA2-4ABDC571E55B}.Release|iPhone.ActiveCfg = Release|Any CPU
		{6C96DBB4-91EE-4E7F-9FA2-4ABDC571E55B}.Release|iPhone.Build.0 = Release|Any CPU
		{6C96DBB4-91EE-4E7F-9FA2-4ABDC571E55B}.Release|iPhoneSimulator.ActiveCfg = Release|Any CPU
		{6C96DBB4-91EE-4E7F-9FA2-4ABDC571E55B}.Release|iPhoneSimulator.Build.0 = Release|Any CPU
		{6C96DBB4-91EE-4E7F-9FA2-4ABDC571E55B}.Release|x64.ActiveCfg = Release|Any CPU
		{6C96DBB4-91EE-4E7F-9FA2-4ABDC571E55B}.Release|x64.Build.0 = Release|Any CPU
		{6C96DBB4-91EE-4E7F-9FA2-4ABDC571E55B}.Release|x86.ActiveCfg = Release|Any CPU
		{6C96DBB4-91EE-4E7F-9FA2-4ABDC571E55B}.Release|x86.Build.0 = Release|Any CPU
	EndGlobalSection
	GlobalSection(SolutionProperties) = preSolution
		HideSolutionNode = FALSE
	EndGlobalSection
	GlobalSection(NestedProjects) = preSolution
		{74BA9351-F602-4E85-9E83-304CC50B594B} = {976701A3-38AE-4B5F-89FE-3D352411B2F4}
		{CACD02EF-5801-4C62-AD9F-2B0982BFA4F9} = {976701A3-38AE-4B5F-89FE-3D352411B2F4}
		{8060A1F0-5264-49A6-8A85-2261EDBB8118} = {976701A3-38AE-4B5F-89FE-3D352411B2F4}
		{719BEE15-B15F-47D5-894B-D0ED5EC10BEC} = {976701A3-38AE-4B5F-89FE-3D352411B2F4}
		{97C34259-19D8-4FFF-9C38-875E37250885} = {A49C063C-909E-468F-9F61-E6536942D4E8}
		{E71F3053-056C-4381-9638-048ED73BDFF6} = {A49C063C-909E-468F-9F61-E6536942D4E8}
		{C13A334F-9939-4FAE-83D7-FF98B075C4A2} = {A49C063C-909E-468F-9F61-E6536942D4E8}
		{6C96DBB4-91EE-4E7F-9FA2-4ABDC571E55B} = {A49C063C-909E-468F-9F61-E6536942D4E8}
	EndGlobalSection
	GlobalSection(ExtensibilityGlobals) = postSolution
		SolutionGuid = {6E8D3B90-1956-4ACD-B87D-2BAC0D265121}
	EndGlobalSection
EndGlobal
